// !$*UTF8*$!
{
	archiveVersion = 1;
	classes = {
	};
	objectVersion = 50;
	objects = {

/* Begin PBXBuildFile section */
		159713379F84FFC6E3AA6981 /* Pods_Scalez.framework in Frameworks */ = {isa = PBXBuildFile; fileRef = 550A3468F728018A872F1C3B /* Pods_Scalez.framework */; };
		3E004C1E21750F9D0009DE1D /* AppDelegate.swift in Sources */ = {isa = PBXBuildFile; fileRef = 3E004C1D21750F9D0009DE1D /* AppDelegate.swift */; };
		3E004C2021750F9D0009DE1D /* AuditionMenuViewController.swift in Sources */ = {isa = PBXBuildFile; fileRef = 3E004C1F21750F9D0009DE1D /* AuditionMenuViewController.swift */; };
		3E004C2321750F9D0009DE1D /* Main.storyboard in Resources */ = {isa = PBXBuildFile; fileRef = 3E004C2121750F9D0009DE1D /* Main.storyboard */; };
		3E004C2521750F9E0009DE1D /* Assets.xcassets in Resources */ = {isa = PBXBuildFile; fileRef = 3E004C2421750F9E0009DE1D /* Assets.xcassets */; };
		3E004C2821750F9E0009DE1D /* LaunchScreen.storyboard in Resources */ = {isa = PBXBuildFile; fileRef = 3E004C2621750F9E0009DE1D /* LaunchScreen.storyboard */; };
		3E004C3321750F9E0009DE1D /* ScalezTests.swift in Sources */ = {isa = PBXBuildFile; fileRef = 3E004C3221750F9E0009DE1D /* ScalezTests.swift */; };
		3E004C3E21750F9E0009DE1D /* ScalezUITests.swift in Sources */ = {isa = PBXBuildFile; fileRef = 3E004C3D21750F9E0009DE1D /* ScalezUITests.swift */; };
		3E004C4C2175197C0009DE1D /* RecordViewController.swift in Sources */ = {isa = PBXBuildFile; fileRef = 3E004C4B2175197C0009DE1D /* RecordViewController.swift */; };
		3E09C53E21C477A300EFD08F /* AuditionTableCell.swift in Sources */ = {isa = PBXBuildFile; fileRef = 3E09C53D21C477A300EFD08F /* AuditionTableCell.swift */; };
		3E296FC721BB4B4700E43092 /* NewAuditionViewController.swift in Sources */ = {isa = PBXBuildFile; fileRef = 3E296FC621BB4B4700E43092 /* NewAuditionViewController.swift */; };
		3E296FC921BDC43500E43092 /* KeyboardButton.swift in Sources */ = {isa = PBXBuildFile; fileRef = 3E296FC821BDC43500E43092 /* KeyboardButton.swift */; };
		3E296FCB21BDC89200E43092 /* BlackKeyboardButton.swift in Sources */ = {isa = PBXBuildFile; fileRef = 3E296FCA21BDC89200E43092 /* BlackKeyboardButton.swift */; };
		3E296FCD21BE196300E43092 /* RequestAuditionViewController.swift in Sources */ = {isa = PBXBuildFile; fileRef = 3E296FCC21BE196300E43092 /* RequestAuditionViewController.swift */; };
		3E794DE621BE32B8009A543B /* PendingAuditionsViewController.swift in Sources */ = {isa = PBXBuildFile; fileRef = 3E794DE521BE32B8009A543B /* PendingAuditionsViewController.swift */; };
		3E794DE821BE4EDC009A543B /* CompleteAuditionViewController.swift in Sources */ = {isa = PBXBuildFile; fileRef = 3E794DE721BE4EDC009A543B /* CompleteAuditionViewController.swift */; };
		3ED5ED5F219E333E00947662 /* LeaderboardViewController.swift in Sources */ = {isa = PBXBuildFile; fileRef = 3ED5ED5E219E333E00947662 /* LeaderboardViewController.swift */; };
		3ED5ED61219E334B00947662 /* ProfileViewController.swift in Sources */ = {isa = PBXBuildFile; fileRef = 3ED5ED60219E334B00947662 /* ProfileViewController.swift */; };
		3EF4517021A08E8D00ED97C8 /* LoginViewController.swift in Sources */ = {isa = PBXBuildFile; fileRef = 3EF4516F21A08E8D00ED97C8 /* LoginViewController.swift */; };
		3EF4517421A0E2E300ED97C8 /* SignupViewController.swift in Sources */ = {isa = PBXBuildFile; fileRef = 3EF4517321A0E2E300ED97C8 /* SignupViewController.swift */; };
		7798869C7BA2408DEE8E3470 /* Pods_ScalezTests.framework in Frameworks */ = {isa = PBXBuildFile; fileRef = 085496BC0CED0868B8F69FE5 /* Pods_ScalezTests.framework */; };
		BDCD5ED121C600DE00294A33 /* LeaderboardTableCell.swift in Sources */ = {isa = PBXBuildFile; fileRef = BDCD5ED021C600DD00294A33 /* LeaderboardTableCell.swift */; };
		CA91076AA4D98DE481E66708 /* Pods_ScalezUITests.framework in Frameworks */ = {isa = PBXBuildFile; fileRef = DF406CFA9CF411BE3D8D478B /* Pods_ScalezUITests.framework */; };
/* End PBXBuildFile section */

/* Begin PBXContainerItemProxy section */
		3E004C2F21750F9E0009DE1D /* PBXContainerItemProxy */ = {
			isa = PBXContainerItemProxy;
			containerPortal = 3E004C1221750F9D0009DE1D /* Project object */;
			proxyType = 1;
			remoteGlobalIDString = 3E004C1921750F9D0009DE1D;
			remoteInfo = Scalez;
		};
		3E004C3A21750F9E0009DE1D /* PBXContainerItemProxy */ = {
			isa = PBXContainerItemProxy;
			containerPortal = 3E004C1221750F9D0009DE1D /* Project object */;
			proxyType = 1;
			remoteGlobalIDString = 3E004C1921750F9D0009DE1D;
			remoteInfo = Scalez;
		};
/* End PBXContainerItemProxy section */

/* Begin PBXFileReference section */
		085496BC0CED0868B8F69FE5 /* Pods_ScalezTests.framework */ = {isa = PBXFileReference; explicitFileType = wrapper.framework; includeInIndex = 0; path = Pods_ScalezTests.framework; sourceTree = BUILT_PRODUCTS_DIR; };
		15D2F32A075150EF21D7021B /* Pods-ScalezTests.debug.xcconfig */ = {isa = PBXFileReference; includeInIndex = 1; lastKnownFileType = text.xcconfig; name = "Pods-ScalezTests.debug.xcconfig"; path = "Pods/Target Support Files/Pods-ScalezTests/Pods-ScalezTests.debug.xcconfig"; sourceTree = "<group>"; };
		18AF58FFCD40FD4799281557 /* Pods-Scalez.release.xcconfig */ = {isa = PBXFileReference; includeInIndex = 1; lastKnownFileType = text.xcconfig; name = "Pods-Scalez.release.xcconfig"; path = "Pods/Target Support Files/Pods-Scalez/Pods-Scalez.release.xcconfig"; sourceTree = "<group>"; };
		3E004C1A21750F9D0009DE1D /* Scalez.app */ = {isa = PBXFileReference; explicitFileType = wrapper.application; includeInIndex = 0; path = Scalez.app; sourceTree = BUILT_PRODUCTS_DIR; };
		3E004C1D21750F9D0009DE1D /* AppDelegate.swift */ = {isa = PBXFileReference; lastKnownFileType = sourcecode.swift; path = AppDelegate.swift; sourceTree = "<group>"; };
		3E004C1F21750F9D0009DE1D /* AuditionMenuViewController.swift */ = {isa = PBXFileReference; lastKnownFileType = sourcecode.swift; path = AuditionMenuViewController.swift; sourceTree = "<group>"; };
		3E004C2221750F9D0009DE1D /* Base */ = {isa = PBXFileReference; lastKnownFileType = file.storyboard; name = Base; path = Base.lproj/Main.storyboard; sourceTree = "<group>"; };
		3E004C2421750F9E0009DE1D /* Assets.xcassets */ = {isa = PBXFileReference; lastKnownFileType = folder.assetcatalog; path = Assets.xcassets; sourceTree = "<group>"; };
		3E004C2721750F9E0009DE1D /* Base */ = {isa = PBXFileReference; lastKnownFileType = file.storyboard; name = Base; path = Base.lproj/LaunchScreen.storyboard; sourceTree = "<group>"; };
		3E004C2921750F9E0009DE1D /* Info.plist */ = {isa = PBXFileReference; lastKnownFileType = text.plist.xml; path = Info.plist; sourceTree = "<group>"; };
		3E004C2E21750F9E0009DE1D /* ScalezTests.xctest */ = {isa = PBXFileReference; explicitFileType = wrapper.cfbundle; includeInIndex = 0; path = ScalezTests.xctest; sourceTree = BUILT_PRODUCTS_DIR; };
		3E004C3221750F9E0009DE1D /* ScalezTests.swift */ = {isa = PBXFileReference; lastKnownFileType = sourcecode.swift; path = ScalezTests.swift; sourceTree = "<group>"; };
		3E004C3421750F9E0009DE1D /* Info.plist */ = {isa = PBXFileReference; lastKnownFileType = text.plist.xml; path = Info.plist; sourceTree = "<group>"; };
		3E004C3921750F9E0009DE1D /* ScalezUITests.xctest */ = {isa = PBXFileReference; explicitFileType = wrapper.cfbundle; includeInIndex = 0; path = ScalezUITests.xctest; sourceTree = BUILT_PRODUCTS_DIR; };
		3E004C3D21750F9E0009DE1D /* ScalezUITests.swift */ = {isa = PBXFileReference; lastKnownFileType = sourcecode.swift; path = ScalezUITests.swift; sourceTree = "<group>"; };
		3E004C3F21750F9E0009DE1D /* Info.plist */ = {isa = PBXFileReference; lastKnownFileType = text.plist.xml; path = Info.plist; sourceTree = "<group>"; };
		3E004C4B2175197C0009DE1D /* RecordViewController.swift */ = {isa = PBXFileReference; lastKnownFileType = sourcecode.swift; path = RecordViewController.swift; sourceTree = "<group>"; };
		3E09C53D21C477A300EFD08F /* AuditionTableCell.swift */ = {isa = PBXFileReference; lastKnownFileType = sourcecode.swift; path = AuditionTableCell.swift; sourceTree = "<group>"; };
		3E296FC621BB4B4700E43092 /* NewAuditionViewController.swift */ = {isa = PBXFileReference; lastKnownFileType = sourcecode.swift; path = NewAuditionViewController.swift; sourceTree = "<group>"; };
		3E296FC821BDC43500E43092 /* KeyboardButton.swift */ = {isa = PBXFileReference; lastKnownFileType = sourcecode.swift; path = KeyboardButton.swift; sourceTree = "<group>"; };
		3E296FCA21BDC89200E43092 /* BlackKeyboardButton.swift */ = {isa = PBXFileReference; lastKnownFileType = sourcecode.swift; path = BlackKeyboardButton.swift; sourceTree = "<group>"; };
		3E296FCC21BE196300E43092 /* RequestAuditionViewController.swift */ = {isa = PBXFileReference; lastKnownFileType = sourcecode.swift; path = RequestAuditionViewController.swift; sourceTree = "<group>"; };
		3E794DE521BE32B8009A543B /* PendingAuditionsViewController.swift */ = {isa = PBXFileReference; lastKnownFileType = sourcecode.swift; path = PendingAuditionsViewController.swift; sourceTree = "<group>"; };
		3E794DE721BE4EDC009A543B /* CompleteAuditionViewController.swift */ = {isa = PBXFileReference; lastKnownFileType = sourcecode.swift; path = CompleteAuditionViewController.swift; sourceTree = "<group>"; };
		3ED5ED5E219E333E00947662 /* LeaderboardViewController.swift */ = {isa = PBXFileReference; lastKnownFileType = sourcecode.swift; path = LeaderboardViewController.swift; sourceTree = "<group>"; };
		3ED5ED60219E334B00947662 /* ProfileViewController.swift */ = {isa = PBXFileReference; lastKnownFileType = sourcecode.swift; path = ProfileViewController.swift; sourceTree = "<group>"; };
		3EF4516F21A08E8D00ED97C8 /* LoginViewController.swift */ = {isa = PBXFileReference; lastKnownFileType = sourcecode.swift; path = LoginViewController.swift; sourceTree = "<group>"; };
		3EF4517321A0E2E300ED97C8 /* SignupViewController.swift */ = {isa = PBXFileReference; lastKnownFileType = sourcecode.swift; path = SignupViewController.swift; sourceTree = "<group>"; };
		543BE6906C83767D0E974C6D /* Pods-ScalezUITests.release.xcconfig */ = {isa = PBXFileReference; includeInIndex = 1; lastKnownFileType = text.xcconfig; name = "Pods-ScalezUITests.release.xcconfig"; path = "Pods/Target Support Files/Pods-ScalezUITests/Pods-ScalezUITests.release.xcconfig"; sourceTree = "<group>"; };
		550A3468F728018A872F1C3B /* Pods_Scalez.framework */ = {isa = PBXFileReference; explicitFileType = wrapper.framework; includeInIndex = 0; path = Pods_Scalez.framework; sourceTree = BUILT_PRODUCTS_DIR; };
		5DEB6366D902821EF32B8F93 /* Pods-ScalezUITests.debug.xcconfig */ = {isa = PBXFileReference; includeInIndex = 1; lastKnownFileType = text.xcconfig; name = "Pods-ScalezUITests.debug.xcconfig"; path = "Pods/Target Support Files/Pods-ScalezUITests/Pods-ScalezUITests.debug.xcconfig"; sourceTree = "<group>"; };
		BDCD5ED021C600DD00294A33 /* LeaderboardTableCell.swift */ = {isa = PBXFileReference; fileEncoding = 4; lastKnownFileType = sourcecode.swift; path = LeaderboardTableCell.swift; sourceTree = "<group>"; };
		CCC2BB78B3D0A992C0C9EAAF /* Pods-Scalez.debug.xcconfig */ = {isa = PBXFileReference; includeInIndex = 1; lastKnownFileType = text.xcconfig; name = "Pods-Scalez.debug.xcconfig"; path = "Pods/Target Support Files/Pods-Scalez/Pods-Scalez.debug.xcconfig"; sourceTree = "<group>"; };
		D649ED4E27B8D691748EEC01 /* Pods-ScalezTests.release.xcconfig */ = {isa = PBXFileReference; includeInIndex = 1; lastKnownFileType = text.xcconfig; name = "Pods-ScalezTests.release.xcconfig"; path = "Pods/Target Support Files/Pods-ScalezTests/Pods-ScalezTests.release.xcconfig"; sourceTree = "<group>"; };
		DF406CFA9CF411BE3D8D478B /* Pods_ScalezUITests.framework */ = {isa = PBXFileReference; explicitFileType = wrapper.framework; includeInIndex = 0; path = Pods_ScalezUITests.framework; sourceTree = BUILT_PRODUCTS_DIR; };
/* End PBXFileReference section */

/* Begin PBXFrameworksBuildPhase section */
		3E004C1721750F9D0009DE1D /* Frameworks */ = {
			isa = PBXFrameworksBuildPhase;
			buildActionMask = 2147483647;
			files = (
				159713379F84FFC6E3AA6981 /* Pods_Scalez.framework in Frameworks */,
			);
			runOnlyForDeploymentPostprocessing = 0;
		};
		3E004C2B21750F9E0009DE1D /* Frameworks */ = {
			isa = PBXFrameworksBuildPhase;
			buildActionMask = 2147483647;
			files = (
				7798869C7BA2408DEE8E3470 /* Pods_ScalezTests.framework in Frameworks */,
			);
			runOnlyForDeploymentPostprocessing = 0;
		};
		3E004C3621750F9E0009DE1D /* Frameworks */ = {
			isa = PBXFrameworksBuildPhase;
			buildActionMask = 2147483647;
			files = (
				CA91076AA4D98DE481E66708 /* Pods_ScalezUITests.framework in Frameworks */,
			);
			runOnlyForDeploymentPostprocessing = 0;
		};
/* End PBXFrameworksBuildPhase section */

/* Begin PBXGroup section */
		3E004C1121750F9D0009DE1D = {
			isa = PBXGroup;
			children = (
				3E004C1C21750F9D0009DE1D /* Scalez */,
				3E004C3121750F9E0009DE1D /* ScalezTests */,
				3E004C3C21750F9E0009DE1D /* ScalezUITests */,
				3E004C1B21750F9D0009DE1D /* Products */,
				CB0D48E3998BF37CE2A18F09 /* Pods */,
				AA5A4D154EE6760B63F29645 /* Frameworks */,
			);
			sourceTree = "<group>";
		};
		3E004C1B21750F9D0009DE1D /* Products */ = {
			isa = PBXGroup;
			children = (
				3E004C1A21750F9D0009DE1D /* Scalez.app */,
				3E004C2E21750F9E0009DE1D /* ScalezTests.xctest */,
				3E004C3921750F9E0009DE1D /* ScalezUITests.xctest */,
			);
			name = Products;
			sourceTree = "<group>";
		};
		3E004C1C21750F9D0009DE1D /* Scalez */ = {
			isa = PBXGroup;
			children = (
				BDCD5ED021C600DD00294A33 /* LeaderboardTableCell.swift */,
				3E004C1D21750F9D0009DE1D /* AppDelegate.swift */,
				3EF4517321A0E2E300ED97C8 /* SignupViewController.swift */,
				3E004C1F21750F9D0009DE1D /* AuditionMenuViewController.swift */,
				3E004C2121750F9D0009DE1D /* Main.storyboard */,
				3E296FC821BDC43500E43092 /* KeyboardButton.swift */,
				3E296FCA21BDC89200E43092 /* BlackKeyboardButton.swift */,
				3E296FC621BB4B4700E43092 /* NewAuditionViewController.swift */,
				3E794DE521BE32B8009A543B /* PendingAuditionsViewController.swift */,
				3E296FCC21BE196300E43092 /* RequestAuditionViewController.swift */,
				3E09C53D21C477A300EFD08F /* AuditionTableCell.swift */,
				3E004C4B2175197C0009DE1D /* RecordViewController.swift */,
				3E794DE721BE4EDC009A543B /* CompleteAuditionViewController.swift */,
				3ED5ED5E219E333E00947662 /* LeaderboardViewController.swift */,
				3E004C2421750F9E0009DE1D /* Assets.xcassets */,
				3EF4516F21A08E8D00ED97C8 /* LoginViewController.swift */,
				3ED5ED60219E334B00947662 /* ProfileViewController.swift */,
				3E004C2621750F9E0009DE1D /* LaunchScreen.storyboard */,
				3E004C2921750F9E0009DE1D /* Info.plist */,
			);
			path = Scalez;
			sourceTree = "<group>";
		};
		3E004C3121750F9E0009DE1D /* ScalezTests */ = {
			isa = PBXGroup;
			children = (
				3E004C3221750F9E0009DE1D /* ScalezTests.swift */,
				3E004C3421750F9E0009DE1D /* Info.plist */,
			);
			path = ScalezTests;
			sourceTree = "<group>";
		};
		3E004C3C21750F9E0009DE1D /* ScalezUITests */ = {
			isa = PBXGroup;
			children = (
				3E004C3D21750F9E0009DE1D /* ScalezUITests.swift */,
				3E004C3F21750F9E0009DE1D /* Info.plist */,
			);
			path = ScalezUITests;
			sourceTree = "<group>";
		};
		AA5A4D154EE6760B63F29645 /* Frameworks */ = {
			isa = PBXGroup;
			children = (
				550A3468F728018A872F1C3B /* Pods_Scalez.framework */,
				085496BC0CED0868B8F69FE5 /* Pods_ScalezTests.framework */,
				DF406CFA9CF411BE3D8D478B /* Pods_ScalezUITests.framework */,
			);
			name = Frameworks;
			sourceTree = "<group>";
		};
		CB0D48E3998BF37CE2A18F09 /* Pods */ = {
			isa = PBXGroup;
			children = (
				CCC2BB78B3D0A992C0C9EAAF /* Pods-Scalez.debug.xcconfig */,
				18AF58FFCD40FD4799281557 /* Pods-Scalez.release.xcconfig */,
				15D2F32A075150EF21D7021B /* Pods-ScalezTests.debug.xcconfig */,
				D649ED4E27B8D691748EEC01 /* Pods-ScalezTests.release.xcconfig */,
				5DEB6366D902821EF32B8F93 /* Pods-ScalezUITests.debug.xcconfig */,
				543BE6906C83767D0E974C6D /* Pods-ScalezUITests.release.xcconfig */,
			);
			name = Pods;
			sourceTree = "<group>";
		};
/* End PBXGroup section */

/* Begin PBXNativeTarget section */
		3E004C1921750F9D0009DE1D /* Scalez */ = {
			isa = PBXNativeTarget;
			buildConfigurationList = 3E004C4221750F9E0009DE1D /* Build configuration list for PBXNativeTarget "Scalez" */;
			buildPhases = (
				D4287C7EC8E6897F382921CB /* [CP] Check Pods Manifest.lock */,
				3E004C1621750F9D0009DE1D /* Sources */,
				3E004C1721750F9D0009DE1D /* Frameworks */,
				3E004C1821750F9D0009DE1D /* Resources */,
				BDF60E1DBCFB957E645C0787 /* [CP] Embed Pods Frameworks */,
			);
			buildRules = (
			);
			dependencies = (
			);
			name = Scalez;
			productName = Scalez;
			productReference = 3E004C1A21750F9D0009DE1D /* Scalez.app */;
			productType = "com.apple.product-type.application";
		};
		3E004C2D21750F9E0009DE1D /* ScalezTests */ = {
			isa = PBXNativeTarget;
			buildConfigurationList = 3E004C4521750F9E0009DE1D /* Build configuration list for PBXNativeTarget "ScalezTests" */;
			buildPhases = (
				87F47FFE3572692FA8F7E706 /* [CP] Check Pods Manifest.lock */,
				3E004C2A21750F9E0009DE1D /* Sources */,
				3E004C2B21750F9E0009DE1D /* Frameworks */,
				3E004C2C21750F9E0009DE1D /* Resources */,
			);
			buildRules = (
			);
			dependencies = (
				3E004C3021750F9E0009DE1D /* PBXTargetDependency */,
			);
			name = ScalezTests;
			productName = ScalezTests;
			productReference = 3E004C2E21750F9E0009DE1D /* ScalezTests.xctest */;
			productType = "com.apple.product-type.bundle.unit-test";
		};
		3E004C3821750F9E0009DE1D /* ScalezUITests */ = {
			isa = PBXNativeTarget;
			buildConfigurationList = 3E004C4821750F9E0009DE1D /* Build configuration list for PBXNativeTarget "ScalezUITests" */;
			buildPhases = (
				E08A839E20679C4347A93B87 /* [CP] Check Pods Manifest.lock */,
				3E004C3521750F9E0009DE1D /* Sources */,
				3E004C3621750F9E0009DE1D /* Frameworks */,
				3E004C3721750F9E0009DE1D /* Resources */,
			);
			buildRules = (
			);
			dependencies = (
				3E004C3B21750F9E0009DE1D /* PBXTargetDependency */,
			);
			name = ScalezUITests;
			productName = ScalezUITests;
			productReference = 3E004C3921750F9E0009DE1D /* ScalezUITests.xctest */;
			productType = "com.apple.product-type.bundle.ui-testing";
		};
/* End PBXNativeTarget section */

/* Begin PBXProject section */
		3E004C1221750F9D0009DE1D /* Project object */ = {
			isa = PBXProject;
			attributes = {
				LastSwiftUpdateCheck = 1000;
				LastUpgradeCheck = 1000;
				ORGANIZATIONNAME = OOSE;
				TargetAttributes = {
					3E004C1921750F9D0009DE1D = {
						CreatedOnToolsVersion = 10.0;
					};
					3E004C2D21750F9E0009DE1D = {
						CreatedOnToolsVersion = 10.0;
						TestTargetID = 3E004C1921750F9D0009DE1D;
					};
					3E004C3821750F9E0009DE1D = {
						CreatedOnToolsVersion = 10.0;
						TestTargetID = 3E004C1921750F9D0009DE1D;
					};
				};
			};
			buildConfigurationList = 3E004C1521750F9D0009DE1D /* Build configuration list for PBXProject "Scalez" */;
			compatibilityVersion = "Xcode 9.3";
			developmentRegion = en;
			hasScannedForEncodings = 0;
			knownRegions = (
				en,
				Base,
			);
			mainGroup = 3E004C1121750F9D0009DE1D;
			productRefGroup = 3E004C1B21750F9D0009DE1D /* Products */;
			projectDirPath = "";
			projectRoot = "";
			targets = (
				3E004C1921750F9D0009DE1D /* Scalez */,
				3E004C2D21750F9E0009DE1D /* ScalezTests */,
				3E004C3821750F9E0009DE1D /* ScalezUITests */,
			);
		};
/* End PBXProject section */

/* Begin PBXResourcesBuildPhase section */
		3E004C1821750F9D0009DE1D /* Resources */ = {
			isa = PBXResourcesBuildPhase;
			buildActionMask = 2147483647;
			files = (
				3E004C2821750F9E0009DE1D /* LaunchScreen.storyboard in Resources */,
				3E004C2521750F9E0009DE1D /* Assets.xcassets in Resources */,
				3E004C2321750F9D0009DE1D /* Main.storyboard in Resources */,
			);
			runOnlyForDeploymentPostprocessing = 0;
		};
		3E004C2C21750F9E0009DE1D /* Resources */ = {
			isa = PBXResourcesBuildPhase;
			buildActionMask = 2147483647;
			files = (
			);
			runOnlyForDeploymentPostprocessing = 0;
		};
		3E004C3721750F9E0009DE1D /* Resources */ = {
			isa = PBXResourcesBuildPhase;
			buildActionMask = 2147483647;
			files = (
			);
			runOnlyForDeploymentPostprocessing = 0;
		};
/* End PBXResourcesBuildPhase section */

/* Begin PBXShellScriptBuildPhase section */
		87F47FFE3572692FA8F7E706 /* [CP] Check Pods Manifest.lock */ = {
			isa = PBXShellScriptBuildPhase;
			buildActionMask = 2147483647;
			files = (
			);
			inputFileListPaths = (
			);
			inputPaths = (
				"${PODS_PODFILE_DIR_PATH}/Podfile.lock",
				"${PODS_ROOT}/Manifest.lock",
			);
			name = "[CP] Check Pods Manifest.lock";
			outputFileListPaths = (
			);
			outputPaths = (
				"$(DERIVED_FILE_DIR)/Pods-ScalezTests-checkManifestLockResult.txt",
			);
			runOnlyForDeploymentPostprocessing = 0;
			shellPath = /bin/sh;
			shellScript = "diff \"${PODS_PODFILE_DIR_PATH}/Podfile.lock\" \"${PODS_ROOT}/Manifest.lock\" > /dev/null\nif [ $? != 0 ] ; then\n    # print error to STDERR\n    echo \"error: The sandbox is not in sync with the Podfile.lock. Run 'pod install' or update your CocoaPods installation.\" >&2\n    exit 1\nfi\n# This output is used by Xcode 'outputs' to avoid re-running this script phase.\necho \"SUCCESS\" > \"${SCRIPT_OUTPUT_FILE_0}\"\n";
			showEnvVarsInLog = 0;
		};
		BDF60E1DBCFB957E645C0787 /* [CP] Embed Pods Frameworks */ = {
			isa = PBXShellScriptBuildPhase;
			buildActionMask = 2147483647;
			files = (
			);
			inputFileListPaths = (
			);
			inputPaths = (
				"${SRCROOT}/Pods/Target Support Files/Pods-Scalez/Pods-Scalez-frameworks.sh",
				"${BUILT_PRODUCTS_DIR}/Alamofire/Alamofire.framework",
				"${BUILT_PRODUCTS_DIR}/Charts/Charts.framework",
				"${BUILT_PRODUCTS_DIR}/CryptoSwift/CryptoSwift.framework",
				"${BUILT_PRODUCTS_DIR}/SwiftyJSON/SwiftyJSON.framework",
			);
			name = "[CP] Embed Pods Frameworks";
			outputFileListPaths = (
			);
			outputPaths = (
				"${TARGET_BUILD_DIR}/${FRAMEWORKS_FOLDER_PATH}/Alamofire.framework",
				"${TARGET_BUILD_DIR}/${FRAMEWORKS_FOLDER_PATH}/Charts.framework",
				"${TARGET_BUILD_DIR}/${FRAMEWORKS_FOLDER_PATH}/CryptoSwift.framework",
				"${TARGET_BUILD_DIR}/${FRAMEWORKS_FOLDER_PATH}/SwiftyJSON.framework",
			);
			runOnlyForDeploymentPostprocessing = 0;
			shellPath = /bin/sh;
			shellScript = "\"${SRCROOT}/Pods/Target Support Files/Pods-Scalez/Pods-Scalez-frameworks.sh\"\n";
			showEnvVarsInLog = 0;
		};
		D4287C7EC8E6897F382921CB /* [CP] Check Pods Manifest.lock */ = {
			isa = PBXShellScriptBuildPhase;
			buildActionMask = 2147483647;
			files = (
			);
			inputFileListPaths = (
			);
			inputPaths = (
				"${PODS_PODFILE_DIR_PATH}/Podfile.lock",
				"${PODS_ROOT}/Manifest.lock",
			);
			name = "[CP] Check Pods Manifest.lock";
			outputFileListPaths = (
			);
			outputPaths = (
				"$(DERIVED_FILE_DIR)/Pods-Scalez-checkManifestLockResult.txt",
			);
			runOnlyForDeploymentPostprocessing = 0;
			shellPath = /bin/sh;
			shellScript = "diff \"${PODS_PODFILE_DIR_PATH}/Podfile.lock\" \"${PODS_ROOT}/Manifest.lock\" > /dev/null\nif [ $? != 0 ] ; then\n    # print error to STDERR\n    echo \"error: The sandbox is not in sync with the Podfile.lock. Run 'pod install' or update your CocoaPods installation.\" >&2\n    exit 1\nfi\n# This output is used by Xcode 'outputs' to avoid re-running this script phase.\necho \"SUCCESS\" > \"${SCRIPT_OUTPUT_FILE_0}\"\n";
			showEnvVarsInLog = 0;
		};
		E08A839E20679C4347A93B87 /* [CP] Check Pods Manifest.lock */ = {
			isa = PBXShellScriptBuildPhase;
			buildActionMask = 2147483647;
			files = (
			);
			inputFileListPaths = (
			);
			inputPaths = (
				"${PODS_PODFILE_DIR_PATH}/Podfile.lock",
				"${PODS_ROOT}/Manifest.lock",
			);
			name = "[CP] Check Pods Manifest.lock";
			outputFileListPaths = (
			);
			outputPaths = (
				"$(DERIVED_FILE_DIR)/Pods-ScalezUITests-checkManifestLockResult.txt",
			);
			runOnlyForDeploymentPostprocessing = 0;
			shellPath = /bin/sh;
			shellScript = "diff \"${PODS_PODFILE_DIR_PATH}/Podfile.lock\" \"${PODS_ROOT}/Manifest.lock\" > /dev/null\nif [ $? != 0 ] ; then\n    # print error to STDERR\n    echo \"error: The sandbox is not in sync with the Podfile.lock. Run 'pod install' or update your CocoaPods installation.\" >&2\n    exit 1\nfi\n# This output is used by Xcode 'outputs' to avoid re-running this script phase.\necho \"SUCCESS\" > \"${SCRIPT_OUTPUT_FILE_0}\"\n";
			showEnvVarsInLog = 0;
		};
/* End PBXShellScriptBuildPhase section */

/* Begin PBXSourcesBuildPhase section */
		3E004C1621750F9D0009DE1D /* Sources */ = {
			isa = PBXSourcesBuildPhase;
			buildActionMask = 2147483647;
			files = (
				3E296FCD21BE196300E43092 /* RequestAuditionViewController.swift in Sources */,
				3E09C53E21C477A300EFD08F /* AuditionTableCell.swift in Sources */,
				3E296FC721BB4B4700E43092 /* NewAuditionViewController.swift in Sources */,
				3ED5ED5F219E333E00947662 /* LeaderboardViewController.swift in Sources */,
				3E794DE621BE32B8009A543B /* PendingAuditionsViewController.swift in Sources */,
				BDCD5ED121C600DE00294A33 /* LeaderboardTableCell.swift in Sources */,
				3EF4517421A0E2E300ED97C8 /* SignupViewController.swift in Sources */,
				3E004C4C2175197C0009DE1D /* RecordViewController.swift in Sources */,
				3E296FCB21BDC89200E43092 /* BlackKeyboardButton.swift in Sources */,
				3E004C2021750F9D0009DE1D /* AuditionMenuViewController.swift in Sources */,
				3EF4517021A08E8D00ED97C8 /* LoginViewController.swift in Sources */,
				3E296FC921BDC43500E43092 /* KeyboardButton.swift in Sources */,
				3ED5ED61219E334B00947662 /* ProfileViewController.swift in Sources */,
				3E794DE821BE4EDC009A543B /* CompleteAuditionViewController.swift in Sources */,
				3E004C1E21750F9D0009DE1D /* AppDelegate.swift in Sources */,
			);
			runOnlyForDeploymentPostprocessing = 0;
		};
		3E004C2A21750F9E0009DE1D /* Sources */ = {
			isa = PBXSourcesBuildPhase;
			buildActionMask = 2147483647;
			files = (
				3E004C3321750F9E0009DE1D /* ScalezTests.swift in Sources */,
			);
			runOnlyForDeploymentPostprocessing = 0;
		};
		3E004C3521750F9E0009DE1D /* Sources */ = {
			isa = PBXSourcesBuildPhase;
			buildActionMask = 2147483647;
			files = (
				3E004C3E21750F9E0009DE1D /* ScalezUITests.swift in Sources */,
			);
			runOnlyForDeploymentPostprocessing = 0;
		};
/* End PBXSourcesBuildPhase section */

/* Begin PBXTargetDependency section */
		3E004C3021750F9E0009DE1D /* PBXTargetDependency */ = {
			isa = PBXTargetDependency;
			target = 3E004C1921750F9D0009DE1D /* Scalez */;
			targetProxy = 3E004C2F21750F9E0009DE1D /* PBXContainerItemProxy */;
		};
		3E004C3B21750F9E0009DE1D /* PBXTargetDependency */ = {
			isa = PBXTargetDependency;
			target = 3E004C1921750F9D0009DE1D /* Scalez */;
			targetProxy = 3E004C3A21750F9E0009DE1D /* PBXContainerItemProxy */;
		};
/* End PBXTargetDependency section */

/* Begin PBXVariantGroup section */
		3E004C2121750F9D0009DE1D /* Main.storyboard */ = {
			isa = PBXVariantGroup;
			children = (
				3E004C2221750F9D0009DE1D /* Base */,
			);
			name = Main.storyboard;
			sourceTree = "<group>";
		};
		3E004C2621750F9E0009DE1D /* LaunchScreen.storyboard */ = {
			isa = PBXVariantGroup;
			children = (
				3E004C2721750F9E0009DE1D /* Base */,
			);
			name = LaunchScreen.storyboard;
			sourceTree = "<group>";
		};
/* End PBXVariantGroup section */

/* Begin XCBuildConfiguration section */
		3E004C4021750F9E0009DE1D /* Debug */ = {
			isa = XCBuildConfiguration;
			buildSettings = {
				ALWAYS_SEARCH_USER_PATHS = NO;
				CLANG_ANALYZER_NONNULL = YES;
				CLANG_ANALYZER_NUMBER_OBJECT_CONVERSION = YES_AGGRESSIVE;
				CLANG_CXX_LANGUAGE_STANDARD = "gnu++14";
				CLANG_CXX_LIBRARY = "libc++";
				CLANG_ENABLE_MODULES = YES;
				CLANG_ENABLE_OBJC_ARC = YES;
				CLANG_ENABLE_OBJC_WEAK = YES;
				CLANG_WARN_BLOCK_CAPTURE_AUTORELEASING = YES;
				CLANG_WARN_BOOL_CONVERSION = YES;
				CLANG_WARN_COMMA = YES;
				CLANG_WARN_CONSTANT_CONVERSION = YES;
				CLANG_WARN_DEPRECATED_OBJC_IMPLEMENTATIONS = YES;
				CLANG_WARN_DIRECT_OBJC_ISA_USAGE = YES_ERROR;
				CLANG_WARN_DOCUMENTATION_COMMENTS = YES;
				CLANG_WARN_EMPTY_BODY = YES;
				CLANG_WARN_ENUM_CONVERSION = YES;
				CLANG_WARN_INFINITE_RECURSION = YES;
				CLANG_WARN_INT_CONVERSION = YES;
				CLANG_WARN_NON_LITERAL_NULL_CONVERSION = YES;
				CLANG_WARN_OBJC_IMPLICIT_RETAIN_SELF = YES;
				CLANG_WARN_OBJC_LITERAL_CONVERSION = YES;
				CLANG_WARN_OBJC_ROOT_CLASS = YES_ERROR;
				CLANG_WARN_RANGE_LOOP_ANALYSIS = YES;
				CLANG_WARN_STRICT_PROTOTYPES = YES;
				CLANG_WARN_SUSPICIOUS_MOVE = YES;
				CLANG_WARN_UNGUARDED_AVAILABILITY = YES_AGGRESSIVE;
				CLANG_WARN_UNREACHABLE_CODE = YES;
				CLANG_WARN__DUPLICATE_METHOD_MATCH = YES;
				CODE_SIGN_IDENTITY = "iPhone Developer";
				COPY_PHASE_STRIP = NO;
				DEBUG_INFORMATION_FORMAT = dwarf;
				ENABLE_STRICT_OBJC_MSGSEND = YES;
				ENABLE_TESTABILITY = YES;
				GCC_C_LANGUAGE_STANDARD = gnu11;
				GCC_DYNAMIC_NO_PIC = NO;
				GCC_NO_COMMON_BLOCKS = YES;
				GCC_OPTIMIZATION_LEVEL = 0;
				GCC_PREPROCESSOR_DEFINITIONS = (
					"DEBUG=1",
					"$(inherited)",
				);
				GCC_WARN_64_TO_32_BIT_CONVERSION = YES;
				GCC_WARN_ABOUT_RETURN_TYPE = YES_ERROR;
				GCC_WARN_UNDECLARED_SELECTOR = YES;
				GCC_WARN_UNINITIALIZED_AUTOS = YES_AGGRESSIVE;
				GCC_WARN_UNUSED_FUNCTION = YES;
				GCC_WARN_UNUSED_VARIABLE = YES;
				IPHONEOS_DEPLOYMENT_TARGET = 12.0;
				MTL_ENABLE_DEBUG_INFO = INCLUDE_SOURCE;
				MTL_FAST_MATH = YES;
				ONLY_ACTIVE_ARCH = YES;
				SDKROOT = iphoneos;
				SWIFT_ACTIVE_COMPILATION_CONDITIONS = DEBUG;
				SWIFT_OPTIMIZATION_LEVEL = "-Onone";
			};
			name = Debug;
		};
		3E004C4121750F9E0009DE1D /* Release */ = {
			isa = XCBuildConfiguration;
			buildSettings = {
				ALWAYS_SEARCH_USER_PATHS = NO;
				CLANG_ANALYZER_NONNULL = YES;
				CLANG_ANALYZER_NUMBER_OBJECT_CONVERSION = YES_AGGRESSIVE;
				CLANG_CXX_LANGUAGE_STANDARD = "gnu++14";
				CLANG_CXX_LIBRARY = "libc++";
				CLANG_ENABLE_MODULES = YES;
				CLANG_ENABLE_OBJC_ARC = YES;
				CLANG_ENABLE_OBJC_WEAK = YES;
				CLANG_WARN_BLOCK_CAPTURE_AUTORELEASING = YES;
				CLANG_WARN_BOOL_CONVERSION = YES;
				CLANG_WARN_COMMA = YES;
				CLANG_WARN_CONSTANT_CONVERSION = YES;
				CLANG_WARN_DEPRECATED_OBJC_IMPLEMENTATIONS = YES;
				CLANG_WARN_DIRECT_OBJC_ISA_USAGE = YES_ERROR;
				CLANG_WARN_DOCUMENTATION_COMMENTS = YES;
				CLANG_WARN_EMPTY_BODY = YES;
				CLANG_WARN_ENUM_CONVERSION = YES;
				CLANG_WARN_INFINITE_RECURSION = YES;
				CLANG_WARN_INT_CONVERSION = YES;
				CLANG_WARN_NON_LITERAL_NULL_CONVERSION = YES;
				CLANG_WARN_OBJC_IMPLICIT_RETAIN_SELF = YES;
				CLANG_WARN_OBJC_LITERAL_CONVERSION = YES;
				CLANG_WARN_OBJC_ROOT_CLASS = YES_ERROR;
				CLANG_WARN_RANGE_LOOP_ANALYSIS = YES;
				CLANG_WARN_STRICT_PROTOTYPES = YES;
				CLANG_WARN_SUSPICIOUS_MOVE = YES;
				CLANG_WARN_UNGUARDED_AVAILABILITY = YES_AGGRESSIVE;
				CLANG_WARN_UNREACHABLE_CODE = YES;
				CLANG_WARN__DUPLICATE_METHOD_MATCH = YES;
				CODE_SIGN_IDENTITY = "iPhone Developer";
				COPY_PHASE_STRIP = NO;
				DEBUG_INFORMATION_FORMAT = "dwarf-with-dsym";
				ENABLE_NS_ASSERTIONS = NO;
				ENABLE_STRICT_OBJC_MSGSEND = YES;
				GCC_C_LANGUAGE_STANDARD = gnu11;
				GCC_NO_COMMON_BLOCKS = YES;
				GCC_WARN_64_TO_32_BIT_CONVERSION = YES;
				GCC_WARN_ABOUT_RETURN_TYPE = YES_ERROR;
				GCC_WARN_UNDECLARED_SELECTOR = YES;
				GCC_WARN_UNINITIALIZED_AUTOS = YES_AGGRESSIVE;
				GCC_WARN_UNUSED_FUNCTION = YES;
				GCC_WARN_UNUSED_VARIABLE = YES;
				IPHONEOS_DEPLOYMENT_TARGET = 12.0;
				MTL_ENABLE_DEBUG_INFO = NO;
				MTL_FAST_MATH = YES;
				SDKROOT = iphoneos;
				SWIFT_COMPILATION_MODE = wholemodule;
				SWIFT_OPTIMIZATION_LEVEL = "-O";
				VALIDATE_PRODUCT = YES;
			};
			name = Release;
		};
		3E004C4321750F9E0009DE1D /* Debug */ = {
			isa = XCBuildConfiguration;
			baseConfigurationReference = CCC2BB78B3D0A992C0C9EAAF /* Pods-Scalez.debug.xcconfig */;
			buildSettings = {
				ASSETCATALOG_COMPILER_APPICON_NAME = AppIcon;
				CODE_SIGN_STYLE = Automatic;
				INFOPLIST_FILE = Scalez/Info.plist;
				LD_RUNPATH_SEARCH_PATHS = (
					"$(inherited)",
					"@executable_path/Frameworks",
				);
				PRODUCT_BUNDLE_IDENTIFIER = group21.Scalez;
				PRODUCT_NAME = "$(TARGET_NAME)";
				SWIFT_VERSION = 4.2;
				TARGETED_DEVICE_FAMILY = "1,2";
			};
			name = Debug;
		};
		3E004C4421750F9E0009DE1D /* Release */ = {
			isa = XCBuildConfiguration;
			baseConfigurationReference = 18AF58FFCD40FD4799281557 /* Pods-Scalez.release.xcconfig */;
			buildSettings = {
				ASSETCATALOG_COMPILER_APPICON_NAME = AppIcon;
				CODE_SIGN_STYLE = Automatic;
				INFOPLIST_FILE = Scalez/Info.plist;
				LD_RUNPATH_SEARCH_PATHS = (
					"$(inherited)",
					"@executable_path/Frameworks",
				);
				PRODUCT_BUNDLE_IDENTIFIER = group21.Scalez;
				PRODUCT_NAME = "$(TARGET_NAME)";
				SWIFT_VERSION = 4.2;
				TARGETED_DEVICE_FAMILY = "1,2";
			};
			name = Release;
		};
		3E004C4621750F9E0009DE1D /* Debug */ = {
			isa = XCBuildConfiguration;
			baseConfigurationReference = 15D2F32A075150EF21D7021B /* Pods-ScalezTests.debug.xcconfig */;
			buildSettings = {
				ALWAYS_EMBED_SWIFT_STANDARD_LIBRARIES = YES;
				BUNDLE_LOADER = "$(TEST_HOST)";
				CODE_SIGN_STYLE = Automatic;
				INFOPLIST_FILE = ScalezTests/Info.plist;
				LD_RUNPATH_SEARCH_PATHS = (
					"$(inherited)",
					"@executable_path/Frameworks",
					"@loader_path/Frameworks",
				);
				PRODUCT_BUNDLE_IDENTIFIER = group21.ScalezTests;
				PRODUCT_NAME = "$(TARGET_NAME)";
				SWIFT_VERSION = 4.2;
				TARGETED_DEVICE_FAMILY = "1,2";
				TEST_HOST = "$(BUILT_PRODUCTS_DIR)/Scalez.app/Scalez";
			};
			name = Debug;
		};
		3E004C4721750F9E0009DE1D /* Release */ = {
			isa = XCBuildConfiguration;
			baseConfigurationReference = D649ED4E27B8D691748EEC01 /* Pods-ScalezTests.release.xcconfig */;
			buildSettings = {
				ALWAYS_EMBED_SWIFT_STANDARD_LIBRARIES = YES;
				BUNDLE_LOADER = "$(TEST_HOST)";
				CODE_SIGN_STYLE = Automatic;
				INFOPLIST_FILE = ScalezTests/Info.plist;
				LD_RUNPATH_SEARCH_PATHS = (
					"$(inherited)",
					"@executable_path/Frameworks",
					"@loader_path/Frameworks",
				);
				PRODUCT_BUNDLE_IDENTIFIER = group21.ScalezTests;
				PRODUCT_NAME = "$(TARGET_NAME)";
				SWIFT_VERSION = 4.2;
				TARGETED_DEVICE_FAMILY = "1,2";
				TEST_HOST = "$(BUILT_PRODUCTS_DIR)/Scalez.app/Scalez";
			};
			name = Release;
		};
		3E004C4921750F9E0009DE1D /* Debug */ = {
			isa = XCBuildConfiguration;
			baseConfigurationReference = 5DEB6366D902821EF32B8F93 /* Pods-ScalezUITests.debug.xcconfig */;
			buildSettings = {
				ALWAYS_EMBED_SWIFT_STANDARD_LIBRARIES = YES;
				CODE_SIGN_STYLE = Automatic;
				INFOPLIST_FILE = ScalezUITests/Info.plist;
				LD_RUNPATH_SEARCH_PATHS = (
					"$(inherited)",
					"@executable_path/Frameworks",
					"@loader_path/Frameworks",
				);
				PRODUCT_BUNDLE_IDENTIFIER = group21.ScalezUITests;
				PRODUCT_NAME = "$(TARGET_NAME)";
				SWIFT_VERSION = 4.2;
				TARGETED_DEVICE_FAMILY = "1,2";
				TEST_TARGET_NAME = Scalez;
			};
			name = Debug;
		};
		3E004C4A21750F9E0009DE1D /* Release */ = {
			isa = XCBuildConfiguration;
			baseConfigurationReference = 543BE6906C83767D0E974C6D /* Pods-ScalezUITests.release.xcconfig */;
			buildSettings = {
				ALWAYS_EMBED_SWIFT_STANDARD_LIBRARIES = YES;
				CODE_SIGN_STYLE = Automatic;
				INFOPLIST_FILE = ScalezUITests/Info.plist;
				LD_RUNPATH_SEARCH_PATHS = (
					"$(inherited)",
					"@executable_path/Frameworks",
					"@loader_path/Frameworks",
				);
				PRODUCT_BUNDLE_IDENTIFIER = group21.ScalezUITests;
				PRODUCT_NAME = "$(TARGET_NAME)";
				SWIFT_VERSION = 4.2;
				TARGETED_DEVICE_FAMILY = "1,2";
				TEST_TARGET_NAME = Scalez;
			};
			name = Release;
		};
/* End XCBuildConfiguration section */

/* Begin XCConfigurationList section */
		3E004C1521750F9D0009DE1D /* Build configuration list for PBXProject "Scalez" */ = {
			isa = XCConfigurationList;
			buildConfigurations = (
				3E004C4021750F9E0009DE1D /* Debug */,
				3E004C4121750F9E0009DE1D /* Release */,
			);
			defaultConfigurationIsVisible = 0;
			defaultConfigurationName = Release;
		};
		3E004C4221750F9E0009DE1D /* Build configuration list for PBXNativeTarget "Scalez" */ = {
			isa = XCConfigurationList;
			buildConfigurations = (
				3E004C4321750F9E0009DE1D /* Debug */,
				3E004C4421750F9E0009DE1D /* Release */,
			);
			defaultConfigurationIsVisible = 0;
			defaultConfigurationName = Release;
		};
		3E004C4521750F9E0009DE1D /* Build configuration list for PBXNativeTarget "ScalezTests" */ = {
			isa = XCConfigurationList;
			buildConfigurations = (
				3E004C4621750F9E0009DE1D /* Debug */,
				3E004C4721750F9E0009DE1D /* Release */,
			);
			defaultConfigurationIsVisible = 0;
			defaultConfigurationName = Release;
		};
		3E004C4821750F9E0009DE1D /* Build configuration list for PBXNativeTarget "ScalezUITests" */ = {
			isa = XCConfigurationList;
			buildConfigurations = (
				3E004C4921750F9E0009DE1D /* Debug */,
				3E004C4A21750F9E0009DE1D /* Release */,
			);
			defaultConfigurationIsVisible = 0;
			defaultConfigurationName = Release;
		};
/* End XCConfigurationList section */
	};
	rootObject = 3E004C1221750F9D0009DE1D /* Project object */;
}
